PODS:
  - Crashlytics (3.10.1):
    - Fabric (~> 1.7.5)
  - Fabric (1.7.6)
  - FCUtilities (0.1.0)
  - Firebase/Auth (4.11.0):
    - Firebase/Core
    - FirebaseAuth (= 4.5.0)
  - Firebase/Core (4.11.0):
    - FirebaseAnalytics (= 4.1.0)
    - FirebaseCore (= 4.0.18)
  - Firebase/Database (4.11.0):
    - Firebase/Core
    - FirebaseDatabase (= 4.1.5)
  - FirebaseAnalytics (4.1.0):
    - FirebaseCore (~> 4.0)
    - FirebaseInstanceID (~> 2.0)
    - GoogleToolboxForMac/NSData+zlib (~> 2.1)
    - nanopb (~> 0.3)
  - FirebaseAuth (4.5.0):
    - FirebaseAnalytics (~> 4.1)
    - GoogleToolboxForMac/NSDictionary+URLArguments (~> 2.1)
    - GTMSessionFetcher/Core (~> 1.1)
  - FirebaseCore (4.0.18):
    - GoogleToolboxForMac/NSData+zlib (~> 2.1)
  - FirebaseDatabase (4.1.5):
    - FirebaseAnalytics (~> 4.1)
    - FirebaseCore (~> 4.0)
    - leveldb-library (~> 1.18)
  - FirebaseInstanceID (2.0.10):
    - FirebaseCore (~> 4.0)
  - GoogleToolboxForMac/DebugUtils (2.1.3):
    - GoogleToolboxForMac/Defines (= 2.1.3)
  - GoogleToolboxForMac/Defines (2.1.3)
  - GoogleToolboxForMac/NSData+zlib (2.1.3):
    - GoogleToolboxForMac/Defines (= 2.1.3)
  - GoogleToolboxForMac/NSDictionary+URLArguments (2.1.3):
    - GoogleToolboxForMac/DebugUtils (= 2.1.3)
    - GoogleToolboxForMac/Defines (= 2.1.3)
    - GoogleToolboxForMac/NSString+URLArguments (= 2.1.3)
  - GoogleToolboxForMac/NSString+URLArguments (2.1.3)
  - GTMSessionFetcher/Core (1.1.15)
  - INTULocationManager (4.3.0)
  - leveldb-library (1.20)
  - MBProgressHUD (1.1.0)
  - nanopb (0.3.8):
    - nanopb/decode (= 0.3.8)
    - nanopb/encode (= 0.3.8)
  - nanopb/decode (0.3.8)
  - nanopb/encode (0.3.8)
  - PINCache (3.0.1-beta.6):
    - PINCache/Arc-exception-safe (= 3.0.1-beta.6)
    - PINCache/Core (= 3.0.1-beta.6)
  - PINCache/Arc-exception-safe (3.0.1-beta.6):
    - PINCache/Core
  - PINCache/Core (3.0.1-beta.6):
    - PINOperation (~> 1.1.0)
  - PINOperation (1.1.1)
  - PINRemoteImage/Core (3.0.0-beta.13):
    - PINOperation
  - PINRemoteImage/iOS (3.0.0-beta.13):
    - PINRemoteImage/Core
  - PINRemoteImage/PINCache (3.0.0-beta.13):
    - PINCache (= 3.0.1-beta.6)
    - PINRemoteImage/Core
  - Texture (2.6):
    - Texture/PINRemoteImage (= 2.6)
  - Texture/Core (2.6)
  - Texture/PINRemoteImage (2.6):
    - PINRemoteImage/iOS (= 3.0.0-beta.13)
    - PINRemoteImage/PINCache
    - Texture/Core

DEPENDENCIES:
  - Crashlytics
  - Fabric
  - FCUtilities (from `https://github.com/marcoarment/FCUtilities.git`)
  - Firebase/Auth
  - Firebase/Core
  - Firebase/Database
  - INTULocationManager
  - MBProgressHUD (~> 1.0)
  - Texture (from `https://github.com/texturegroup/Texture.git`)

EXTERNAL SOURCES:
  FCUtilities:
    :git: https://github.com/marcoarment/FCUtilities.git
  Texture:
    :git: https://github.com/texturegroup/Texture.git

CHECKOUT OPTIONS:
  FCUtilities:
    :commit: bd0ba1f304a2528711a4f8500f6debdb0267af63
    :git: https://github.com/marcoarment/FCUtilities.git
  Texture:
    :commit: 73cdc1b4e46a73e0e8dea7257eeb4ab7066fbb71
    :git: https://github.com/texturegroup/Texture.git

SPEC CHECKSUMS:
  Crashlytics: aee1a064cbbf99b32efa3f056a5f458d846bc8ff
  Fabric: f8d42c893bb187326a7968b62abe55c36a987a46
  FCUtilities: e313e82e37e90edda5dbe8076b19401795b040c1
  Firebase: cc13dfab1038c8b45d7903e01fc690451d6d0b24
  FirebaseAnalytics: 3dfae28d4a5e06f86c4fae830efc2ad3fadb19bc
  FirebaseAuth: 147bf340a0706b44ca1753d6b41ebafd9687cfe6
  FirebaseCore: b981f47e5254cbcfdeb483355300d743f6fcab2c
  FirebaseDatabase: 5f0bc6134c5c237cf55f9e1249d406770a75eafd
  FirebaseInstanceID: 8d20d890d65c917f9f7d9950b6e10a760ad34321
  GoogleToolboxForMac: 2501e2ad72a52eb3dfe7bd9aee7dad11b858bd20
  GTMSessionFetcher: 5fa5b80fd20e439ef5f545fb2cb3ca6c6714caa2
  INTULocationManager: 0ca5c76eacc029ba15938fc699520bc333ed6435
  leveldb-library: 08cba283675b7ed2d99629a4bc5fd052cd2bb6a5
  MBProgressHUD: e7baa36a220447d8aeb12769bf0585582f3866d9
  nanopb: 5601e6bca2dbf1ed831b519092ec110f66982ca3
  PINCache: d195fdba255283f7e9900a55e3cced377f431f9b
  PINOperation: a6219e6fc9db9c269eb7a7b871ac193bcf400aac
  PINRemoteImage: d6d51c5d2adda55f1ce30c96e850b6c4ebd2856a
  Texture: 8f40946033f33f67f4f0bbf18285ff51cd6c6b37

PODFILE CHECKSUM: 5da1e84e3269e329268ef42eaa390f74741ab576

COCOAPODS: 1.4.0
